// !$*UTF8*$!
{
	archiveVersion = 1;
	classes = {
	};
	objectVersion = 46;
	objects = {

/* Begin PBXBuildFile section */
		7C18C34F19E24F5000047916 /* AppDelegate+LocalNotification.m in Sources */ = {isa = PBXBuildFile; fileRef = 7C18C34E19E24F5000047916 /* AppDelegate+LocalNotification.m */; };
		7C28E45E19DBF6B3002D1F69 /* HUD.m in Sources */ = {isa = PBXBuildFile; fileRef = 7C28E45D19DBF6B3002D1F69 /* HUD.m */; };
		7C91085F19D8F34300A7EC91 /* main.m in Sources */ = {isa = PBXBuildFile; fileRef = 7C91085E19D8F34300A7EC91 /* main.m */; };
		7C91086219D8F34300A7EC91 /* AppDelegate.m in Sources */ = {isa = PBXBuildFile; fileRef = 7C91086119D8F34300A7EC91 /* AppDelegate.m */; };
		7C91086519D8F34300A7EC91 /* remember_objc.xcdatamodeld in Sources */ = {isa = PBXBuildFile; fileRef = 7C91086319D8F34300A7EC91 /* remember_objc.xcdatamodeld */; };
		7C91086B19D8F34300A7EC91 /* Main.storyboard in Resources */ = {isa = PBXBuildFile; fileRef = 7C91086919D8F34300A7EC91 /* Main.storyboard */; };
		7C91086D19D8F34300A7EC91 /* Images.xcassets in Resources */ = {isa = PBXBuildFile; fileRef = 7C91086C19D8F34300A7EC91 /* Images.xcassets */; };
		7C91087019D8F34300A7EC91 /* LaunchScreen.xib in Resources */ = {isa = PBXBuildFile; fileRef = 7C91086E19D8F34300A7EC91 /* LaunchScreen.xib */; };
		7C91087C19D8F34300A7EC91 /* remember_objcTests.m in Sources */ = {isa = PBXBuildFile; fileRef = 7C91087B19D8F34300A7EC91 /* remember_objcTests.m */; };
		7C9108CE19D90CEE00A7EC91 /* DevicesTableViewController.m in Sources */ = {isa = PBXBuildFile; fileRef = 7C9108CD19D90CEE00A7EC91 /* DevicesTableViewController.m */; };
		7C9108D119D90D0500A7EC91 /* AddDeviceViewController.m in Sources */ = {isa = PBXBuildFile; fileRef = 7C9108D019D90D0500A7EC91 /* AddDeviceViewController.m */; };
		7C9108D419D9240D00A7EC91 /* DevicesTableViewCell.m in Sources */ = {isa = PBXBuildFile; fileRef = 7C9108D319D9240D00A7EC91 /* DevicesTableViewCell.m */; };
		7C9108DD19D92A0400A7EC91 /* MessagesTableViewCell.m in Sources */ = {isa = PBXBuildFile; fileRef = 7C9108DC19D92A0400A7EC91 /* MessagesTableViewCell.m */; };
		7C9108E019D92D7100A7EC91 /* LocationsTableViewCell.m in Sources */ = {isa = PBXBuildFile; fileRef = 7C9108DF19D92D7100A7EC91 /* LocationsTableViewCell.m */; };
		7C9108EC19D95F1B00A7EC91 /* RadioButton.m in Sources */ = {isa = PBXBuildFile; fileRef = 7C9108EB19D95F1B00A7EC91 /* RadioButton.m */; };
		7CBE3B5519DCE89E00C25A54 /* HomeViewController.m in Sources */ = {isa = PBXBuildFile; fileRef = 7CBE3B5419DCE89E00C25A54 /* HomeViewController.m */; };
		7CBE3B5819DCF26B00C25A54 /* BeaconFactory.m in Sources */ = {isa = PBXBuildFile; fileRef = 7CBE3B5719DCF26B00C25A54 /* BeaconFactory.m */; };
		7CBE3B5A19DCF32300C25A54 /* CoreLocation.framework in Frameworks */ = {isa = PBXBuildFile; fileRef = 7CBE3B5919DCF32300C25A54 /* CoreLocation.framework */; };
		7CBE3B6319DD0AC000C25A54 /* LocationManager.m in Sources */ = {isa = PBXBuildFile; fileRef = 7CBE3B6219DD0AC000C25A54 /* LocationManager.m */; };
		7CBE3B6919DD7FAD00C25A54 /* Constant.m in Sources */ = {isa = PBXBuildFile; fileRef = 7CBE3B6819DD7FAD00C25A54 /* Constant.m */; };
		7CBE3B6D19DD934800C25A54 /* Location+CLBeaconRegion.m in Sources */ = {isa = PBXBuildFile; fileRef = 7CBE3B6C19DD934800C25A54 /* Location+CLBeaconRegion.m */; };
		7CECFB1A19DE327C001884E5 /* AVFoundation.framework in Frameworks */ = {isa = PBXBuildFile; fileRef = 7CECFB1919DE327C001884E5 /* AVFoundation.framework */; };
		7CECFB1D19DE4573001884E5 /* Location.m in Sources */ = {isa = PBXBuildFile; fileRef = 7CECFB1C19DE4573001884E5 /* Location.m */; };
		7CECFB2019DE4574001884E5 /* Message.m in Sources */ = {isa = PBXBuildFile; fileRef = 7CECFB1F19DE4574001884E5 /* Message.m */; };
		7CEECE1A19DA58E700302CBA /* UIColor+Extensions.m in Sources */ = {isa = PBXBuildFile; fileRef = 7CEECE1919DA58E700302CBA /* UIColor+Extensions.m */; };
		7CEECE2619DA96FA00302CBA /* UnreadSpotView.m in Sources */ = {isa = PBXBuildFile; fileRef = 7CEECE2519DA96FA00302CBA /* UnreadSpotView.m */; };
		BC455FCD549950CEA0A94642 /* libPods.a in Frameworks */ = {isa = PBXBuildFile; fileRef = D7491236443D3E8A7E1AE64E /* libPods.a */; };
		D1F1F5E519DC60FB001D853F /* Crashlytics.framework in Frameworks */ = {isa = PBXBuildFile; fileRef = D1F1F5E419DC60FB001D853F /* Crashlytics.framework */; };
/* End PBXBuildFile section */

/* Begin PBXContainerItemProxy section */
		7C91087619D8F34300A7EC91 /* PBXContainerItemProxy */ = {
			isa = PBXContainerItemProxy;
			containerPortal = 7C91085119D8F34300A7EC91 /* Project object */;
			proxyType = 1;
			remoteGlobalIDString = 7C91085819D8F34300A7EC91;
			remoteInfo = "remember-objc";
		};
/* End PBXContainerItemProxy section */

/* Begin PBXFileReference section */
		3257966B43F5701B65430DE9 /* Pods.release.xcconfig */ = {isa = PBXFileReference; includeInIndex = 1; lastKnownFileType = text.xcconfig; name = Pods.release.xcconfig; path = "Pods/Target Support Files/Pods/Pods.release.xcconfig"; sourceTree = "<group>"; };
		3716228DE05AAE0CDACD89DF /* Pods.debug.xcconfig */ = {isa = PBXFileReference; includeInIndex = 1; lastKnownFileType = text.xcconfig; name = Pods.debug.xcconfig; path = "Pods/Target Support Files/Pods/Pods.debug.xcconfig"; sourceTree = "<group>"; };
		7C18C34D19E24F5000047916 /* AppDelegate+LocalNotification.h */ = {isa = PBXFileReference; fileEncoding = 4; lastKnownFileType = sourcecode.c.h; name = "AppDelegate+LocalNotification.h"; path = "Categories/AppDelegate+LocalNotification.h"; sourceTree = "<group>"; };
		7C18C34E19E24F5000047916 /* AppDelegate+LocalNotification.m */ = {isa = PBXFileReference; fileEncoding = 4; lastKnownFileType = sourcecode.c.objc; name = "AppDelegate+LocalNotification.m"; path = "Categories/AppDelegate+LocalNotification.m"; sourceTree = "<group>"; };
		7C28E45C19DBF6B3002D1F69 /* HUD.h */ = {isa = PBXFileReference; fileEncoding = 4; lastKnownFileType = sourcecode.c.h; name = HUD.h; path = Views/HUD.h; sourceTree = "<group>"; };
		7C28E45D19DBF6B3002D1F69 /* HUD.m */ = {isa = PBXFileReference; fileEncoding = 4; lastKnownFileType = sourcecode.c.objc; name = HUD.m; path = Views/HUD.m; sourceTree = "<group>"; };
		7C91085919D8F34300A7EC91 /* remember-objc.app */ = {isa = PBXFileReference; explicitFileType = wrapper.application; includeInIndex = 0; path = "remember-objc.app"; sourceTree = BUILT_PRODUCTS_DIR; };
		7C91085D19D8F34300A7EC91 /* Info.plist */ = {isa = PBXFileReference; lastKnownFileType = text.plist.xml; path = Info.plist; sourceTree = "<group>"; };
		7C91085E19D8F34300A7EC91 /* main.m */ = {isa = PBXFileReference; lastKnownFileType = sourcecode.c.objc; path = main.m; sourceTree = "<group>"; };
		7C91086019D8F34300A7EC91 /* AppDelegate.h */ = {isa = PBXFileReference; lastKnownFileType = sourcecode.c.h; path = AppDelegate.h; sourceTree = "<group>"; };
		7C91086119D8F34300A7EC91 /* AppDelegate.m */ = {isa = PBXFileReference; lastKnownFileType = sourcecode.c.objc; path = AppDelegate.m; sourceTree = "<group>"; };
		7C91086419D8F34300A7EC91 /* remember_objc.xcdatamodel */ = {isa = PBXFileReference; lastKnownFileType = wrapper.xcdatamodel; path = remember_objc.xcdatamodel; sourceTree = "<group>"; };
		7C91086A19D8F34300A7EC91 /* Base */ = {isa = PBXFileReference; lastKnownFileType = file.storyboard; name = Base; path = Base.lproj/Main.storyboard; sourceTree = "<group>"; };
		7C91086C19D8F34300A7EC91 /* Images.xcassets */ = {isa = PBXFileReference; lastKnownFileType = folder.assetcatalog; path = Images.xcassets; sourceTree = "<group>"; };
		7C91086F19D8F34300A7EC91 /* Base */ = {isa = PBXFileReference; lastKnownFileType = file.xib; name = Base; path = Base.lproj/LaunchScreen.xib; sourceTree = "<group>"; };
		7C91087519D8F34300A7EC91 /* remember-objcTests.xctest */ = {isa = PBXFileReference; explicitFileType = wrapper.cfbundle; includeInIndex = 0; path = "remember-objcTests.xctest"; sourceTree = BUILT_PRODUCTS_DIR; };
		7C91087A19D8F34300A7EC91 /* Info.plist */ = {isa = PBXFileReference; lastKnownFileType = text.plist.xml; path = Info.plist; sourceTree = "<group>"; };
		7C91087B19D8F34300A7EC91 /* remember_objcTests.m */ = {isa = PBXFileReference; lastKnownFileType = sourcecode.c.objc; path = remember_objcTests.m; sourceTree = "<group>"; };
		7C9108CC19D90CEE00A7EC91 /* DevicesTableViewController.h */ = {isa = PBXFileReference; fileEncoding = 4; lastKnownFileType = sourcecode.c.h; name = DevicesTableViewController.h; path = Controllers/DevicesTableViewController.h; sourceTree = "<group>"; };
		7C9108CD19D90CEE00A7EC91 /* DevicesTableViewController.m */ = {isa = PBXFileReference; fileEncoding = 4; lastKnownFileType = sourcecode.c.objc; name = DevicesTableViewController.m; path = Controllers/DevicesTableViewController.m; sourceTree = "<group>"; };
		7C9108CF19D90D0500A7EC91 /* AddDeviceViewController.h */ = {isa = PBXFileReference; fileEncoding = 4; lastKnownFileType = sourcecode.c.h; name = AddDeviceViewController.h; path = Controllers/AddDeviceViewController.h; sourceTree = "<group>"; };
		7C9108D019D90D0500A7EC91 /* AddDeviceViewController.m */ = {isa = PBXFileReference; fileEncoding = 4; lastKnownFileType = sourcecode.c.objc; name = AddDeviceViewController.m; path = Controllers/AddDeviceViewController.m; sourceTree = "<group>"; };
		7C9108D219D9240D00A7EC91 /* DevicesTableViewCell.h */ = {isa = PBXFileReference; fileEncoding = 4; lastKnownFileType = sourcecode.c.h; name = DevicesTableViewCell.h; path = Views/DevicesTableViewCell.h; sourceTree = "<group>"; };
		7C9108D319D9240D00A7EC91 /* DevicesTableViewCell.m */ = {isa = PBXFileReference; fileEncoding = 4; lastKnownFileType = sourcecode.c.objc; name = DevicesTableViewCell.m; path = Views/DevicesTableViewCell.m; sourceTree = "<group>"; };
		7C9108DB19D92A0400A7EC91 /* MessagesTableViewCell.h */ = {isa = PBXFileReference; fileEncoding = 4; lastKnownFileType = sourcecode.c.h; name = MessagesTableViewCell.h; path = Views/MessagesTableViewCell.h; sourceTree = "<group>"; };
		7C9108DC19D92A0400A7EC91 /* MessagesTableViewCell.m */ = {isa = PBXFileReference; fileEncoding = 4; lastKnownFileType = sourcecode.c.objc; name = MessagesTableViewCell.m; path = Views/MessagesTableViewCell.m; sourceTree = "<group>"; };
		7C9108DE19D92D7100A7EC91 /* LocationsTableViewCell.h */ = {isa = PBXFileReference; fileEncoding = 4; lastKnownFileType = sourcecode.c.h; name = LocationsTableViewCell.h; path = Views/LocationsTableViewCell.h; sourceTree = "<group>"; };
		7C9108DF19D92D7100A7EC91 /* LocationsTableViewCell.m */ = {isa = PBXFileReference; fileEncoding = 4; lastKnownFileType = sourcecode.c.objc; name = LocationsTableViewCell.m; path = Views/LocationsTableViewCell.m; sourceTree = "<group>"; };
		7C9108EA19D95F1B00A7EC91 /* RadioButton.h */ = {isa = PBXFileReference; fileEncoding = 4; lastKnownFileType = sourcecode.c.h; name = RadioButton.h; path = Views/RadioButton.h; sourceTree = "<group>"; };
		7C9108EB19D95F1B00A7EC91 /* RadioButton.m */ = {isa = PBXFileReference; fileEncoding = 4; lastKnownFileType = sourcecode.c.objc; name = RadioButton.m; path = Views/RadioButton.m; sourceTree = "<group>"; };
		7CBE3B5319DCE89E00C25A54 /* HomeViewController.h */ = {isa = PBXFileReference; fileEncoding = 4; lastKnownFileType = sourcecode.c.h; name = HomeViewController.h; path = Controllers/HomeViewController.h; sourceTree = "<group>"; };
		7CBE3B5419DCE89E00C25A54 /* HomeViewController.m */ = {isa = PBXFileReference; fileEncoding = 4; lastKnownFileType = sourcecode.c.objc; name = HomeViewController.m; path = Controllers/HomeViewController.m; sourceTree = "<group>"; };
		7CBE3B5619DCF26B00C25A54 /* BeaconFactory.h */ = {isa = PBXFileReference; fileEncoding = 4; lastKnownFileType = sourcecode.c.h; name = BeaconFactory.h; path = Models/BeaconFactory.h; sourceTree = "<group>"; };
		7CBE3B5719DCF26B00C25A54 /* BeaconFactory.m */ = {isa = PBXFileReference; fileEncoding = 4; lastKnownFileType = sourcecode.c.objc; name = BeaconFactory.m; path = Models/BeaconFactory.m; sourceTree = "<group>"; };
		7CBE3B5919DCF32300C25A54 /* CoreLocation.framework */ = {isa = PBXFileReference; lastKnownFileType = wrapper.framework; name = CoreLocation.framework; path = System/Library/Frameworks/CoreLocation.framework; sourceTree = SDKROOT; };
		7CBE3B6119DD0AC000C25A54 /* LocationManager.h */ = {isa = PBXFileReference; fileEncoding = 4; lastKnownFileType = sourcecode.c.h; path = LocationManager.h; sourceTree = "<group>"; };
		7CBE3B6219DD0AC000C25A54 /* LocationManager.m */ = {isa = PBXFileReference; fileEncoding = 4; lastKnownFileType = sourcecode.c.objc; path = LocationManager.m; sourceTree = "<group>"; };
		7CBE3B6719DD7FAD00C25A54 /* Constant.h */ = {isa = PBXFileReference; fileEncoding = 4; lastKnownFileType = sourcecode.c.h; path = Constant.h; sourceTree = "<group>"; };
		7CBE3B6819DD7FAD00C25A54 /* Constant.m */ = {isa = PBXFileReference; fileEncoding = 4; lastKnownFileType = sourcecode.c.objc; path = Constant.m; sourceTree = "<group>"; };
		7CBE3B6A19DD80A600C25A54 /* prefix.pch */ = {isa = PBXFileReference; lastKnownFileType = sourcecode.c.h; path = prefix.pch; sourceTree = "<group>"; };
		7CBE3B6B19DD934800C25A54 /* Location+CLBeaconRegion.h */ = {isa = PBXFileReference; fileEncoding = 4; lastKnownFileType = sourcecode.c.h; name = "Location+CLBeaconRegion.h"; path = "models/Location+CLBeaconRegion.h"; sourceTree = "<group>"; };
		7CBE3B6C19DD934800C25A54 /* Location+CLBeaconRegion.m */ = {isa = PBXFileReference; fileEncoding = 4; lastKnownFileType = sourcecode.c.objc; name = "Location+CLBeaconRegion.m"; path = "models/Location+CLBeaconRegion.m"; sourceTree = "<group>"; };
		7CECFB1919DE327C001884E5 /* AVFoundation.framework */ = {isa = PBXFileReference; lastKnownFileType = wrapper.framework; name = AVFoundation.framework; path = System/Library/Frameworks/AVFoundation.framework; sourceTree = SDKROOT; };
		7CECFB1B19DE4573001884E5 /* Location.h */ = {isa = PBXFileReference; fileEncoding = 4; lastKnownFileType = sourcecode.c.h; name = Location.h; path = models/Location.h; sourceTree = "<group>"; };
		7CECFB1C19DE4573001884E5 /* Location.m */ = {isa = PBXFileReference; fileEncoding = 4; lastKnownFileType = sourcecode.c.objc; name = Location.m; path = models/Location.m; sourceTree = "<group>"; };
		7CECFB1E19DE4574001884E5 /* Message.h */ = {isa = PBXFileReference; fileEncoding = 4; lastKnownFileType = sourcecode.c.h; name = Message.h; path = models/Message.h; sourceTree = "<group>"; };
		7CECFB1F19DE4574001884E5 /* Message.m */ = {isa = PBXFileReference; fileEncoding = 4; lastKnownFileType = sourcecode.c.objc; name = Message.m; path = models/Message.m; sourceTree = "<group>"; };
		7CEECE1819DA58E700302CBA /* UIColor+Extensions.h */ = {isa = PBXFileReference; fileEncoding = 4; lastKnownFileType = sourcecode.c.h; name = "UIColor+Extensions.h"; path = "Categories/UIColor+Extensions.h"; sourceTree = "<group>"; };
		7CEECE1919DA58E700302CBA /* UIColor+Extensions.m */ = {isa = PBXFileReference; fileEncoding = 4; lastKnownFileType = sourcecode.c.objc; name = "UIColor+Extensions.m"; path = "Categories/UIColor+Extensions.m"; sourceTree = "<group>"; };
		7CEECE2419DA96FA00302CBA /* UnreadSpotView.h */ = {isa = PBXFileReference; fileEncoding = 4; lastKnownFileType = sourcecode.c.h; name = UnreadSpotView.h; path = Views/UnreadSpotView.h; sourceTree = "<group>"; };
		7CEECE2519DA96FA00302CBA /* UnreadSpotView.m */ = {isa = PBXFileReference; fileEncoding = 4; lastKnownFileType = sourcecode.c.objc; name = UnreadSpotView.m; path = Views/UnreadSpotView.m; sourceTree = "<group>"; };
		D1F1F5E419DC60FB001D853F /* Crashlytics.framework */ = {isa = PBXFileReference; lastKnownFileType = wrapper.framework; path = Crashlytics.framework; sourceTree = "<group>"; };
		D7491236443D3E8A7E1AE64E /* libPods.a */ = {isa = PBXFileReference; explicitFileType = archive.ar; includeInIndex = 0; path = libPods.a; sourceTree = BUILT_PRODUCTS_DIR; };
/* End PBXFileReference section */

/* Begin PBXFrameworksBuildPhase section */
		7C91085619D8F34300A7EC91 /* Frameworks */ = {
			isa = PBXFrameworksBuildPhase;
			buildActionMask = 2147483647;
			files = (
				7CECFB1A19DE327C001884E5 /* AVFoundation.framework in Frameworks */,
				7CBE3B5A19DCF32300C25A54 /* CoreLocation.framework in Frameworks */,
				D1F1F5E519DC60FB001D853F /* Crashlytics.framework in Frameworks */,
				BC455FCD549950CEA0A94642 /* libPods.a in Frameworks */,
			);
			runOnlyForDeploymentPostprocessing = 0;
		};
		7C91087219D8F34300A7EC91 /* Frameworks */ = {
			isa = PBXFrameworksBuildPhase;
			buildActionMask = 2147483647;
			files = (
			);
			runOnlyForDeploymentPostprocessing = 0;
		};
/* End PBXFrameworksBuildPhase section */

/* Begin PBXGroup section */
		58A2B556DEDE6675973D6B5D /* Frameworks */ = {
			isa = PBXGroup;
			children = (
				7CECFB1919DE327C001884E5 /* AVFoundation.framework */,
				7CBE3B5919DCF32300C25A54 /* CoreLocation.framework */,
				D7491236443D3E8A7E1AE64E /* libPods.a */,
			);
			name = Frameworks;
			sourceTree = "<group>";
		};
		7C91085019D8F34300A7EC91 = {
			isa = PBXGroup;
			children = (
				7C91085B19D8F34300A7EC91 /* remember-objc */,
				7C91087819D8F34300A7EC91 /* remember-objcTests */,
				7C91085A19D8F34300A7EC91 /* Products */,
				A0F4F98D610B079B31785C61 /* Pods */,
				58A2B556DEDE6675973D6B5D /* Frameworks */,
			);
			sourceTree = "<group>";
		};
		7C91085A19D8F34300A7EC91 /* Products */ = {
			isa = PBXGroup;
			children = (
				7C91085919D8F34300A7EC91 /* remember-objc.app */,
				7C91087519D8F34300A7EC91 /* remember-objcTests.xctest */,
			);
			name = Products;
			sourceTree = "<group>";
		};
		7C91085B19D8F34300A7EC91 /* remember-objc */ = {
			isa = PBXGroup;
			children = (
				7C91086019D8F34300A7EC91 /* AppDelegate.h */,
				7C91086119D8F34300A7EC91 /* AppDelegate.m */,
				7C18C34D19E24F5000047916 /* AppDelegate+LocalNotification.h */,
				7C18C34E19E24F5000047916 /* AppDelegate+LocalNotification.m */,
				7CBE3B6119DD0AC000C25A54 /* LocationManager.h */,
				7CBE3B6219DD0AC000C25A54 /* LocationManager.m */,
				7CBE3B6719DD7FAD00C25A54 /* Constant.h */,
				7CBE3B6819DD7FAD00C25A54 /* Constant.m */,
				7CEECE1619DA58B500302CBA /* Categories */,
				7C9108C419D9006D00A7EC91 /* Models */,
				7C9108C319D9006900A7EC91 /* Views */,
				7C9108C519D9007D00A7EC91 /* Controllers */,
				7CEECE1719DA58BF00302CBA /* Resources */,
				7C91085C19D8F34300A7EC91 /* Supporting Files */,
			);
			path = "remember-objc";
			sourceTree = "<group>";
		};
		7C91085C19D8F34300A7EC91 /* Supporting Files */ = {
			isa = PBXGroup;
			children = (
				7CBE3B6A19DD80A600C25A54 /* prefix.pch */,
				D1F1F5E419DC60FB001D853F /* Crashlytics.framework */,
				7C91085D19D8F34300A7EC91 /* Info.plist */,
				7C91085E19D8F34300A7EC91 /* main.m */,
			);
			name = "Supporting Files";
			sourceTree = "<group>";
		};
		7C91087819D8F34300A7EC91 /* remember-objcTests */ = {
			isa = PBXGroup;
			children = (
				7C91087B19D8F34300A7EC91 /* remember_objcTests.m */,
				7C91087919D8F34300A7EC91 /* Supporting Files */,
			);
			path = "remember-objcTests";
			sourceTree = "<group>";
		};
		7C91087919D8F34300A7EC91 /* Supporting Files */ = {
			isa = PBXGroup;
			children = (
				7C91087A19D8F34300A7EC91 /* Info.plist */,
			);
			name = "Supporting Files";
			sourceTree = "<group>";
		};
		7C9108C319D9006900A7EC91 /* Views */ = {
			isa = PBXGroup;
			children = (
				7C91086E19D8F34300A7EC91 /* LaunchScreen.xib */,
				7C91086919D8F34300A7EC91 /* Main.storyboard */,
				7C9108EA19D95F1B00A7EC91 /* RadioButton.h */,
				7C9108EB19D95F1B00A7EC91 /* RadioButton.m */,
				7CEECE2419DA96FA00302CBA /* UnreadSpotView.h */,
				7CEECE2519DA96FA00302CBA /* UnreadSpotView.m */,
				7C9108DE19D92D7100A7EC91 /* LocationsTableViewCell.h */,
				7C9108DF19D92D7100A7EC91 /* LocationsTableViewCell.m */,
				7C9108DB19D92A0400A7EC91 /* MessagesTableViewCell.h */,
				7C9108DC19D92A0400A7EC91 /* MessagesTableViewCell.m */,
				7C9108D219D9240D00A7EC91 /* DevicesTableViewCell.h */,
				7C9108D319D9240D00A7EC91 /* DevicesTableViewCell.m */,
				7C28E45C19DBF6B3002D1F69 /* HUD.h */,
				7C28E45D19DBF6B3002D1F69 /* HUD.m */,
			);
			name = Views;
			sourceTree = "<group>";
		};
		7C9108C419D9006D00A7EC91 /* Models */ = {
			isa = PBXGroup;
			children = (
				7C91086319D8F34300A7EC91 /* remember_objc.xcdatamodeld */,
				7CECFB1E19DE4574001884E5 /* Message.h */,
				7CECFB1F19DE4574001884E5 /* Message.m */,
				7CECFB1B19DE4573001884E5 /* Location.h */,
				7CECFB1C19DE4573001884E5 /* Location.m */,
				7CBE3B6B19DD934800C25A54 /* Location+CLBeaconRegion.h */,
				7CBE3B6C19DD934800C25A54 /* Location+CLBeaconRegion.m */,
				7CBE3B5B19DCF74900C25A54 /* Factories */,
			);
			name = Models;
			sourceTree = "<group>";
		};
		7C9108C519D9007D00A7EC91 /* Controllers */ = {
			isa = PBXGroup;
			children = (
				7CBE3B5319DCE89E00C25A54 /* HomeViewController.h */,
				7CBE3B5419DCE89E00C25A54 /* HomeViewController.m */,
				7C9108CC19D90CEE00A7EC91 /* DevicesTableViewController.h */,
				7C9108CD19D90CEE00A7EC91 /* DevicesTableViewController.m */,
				7C9108CF19D90D0500A7EC91 /* AddDeviceViewController.h */,
				7C9108D019D90D0500A7EC91 /* AddDeviceViewController.m */,
			);
			name = Controllers;
			sourceTree = "<group>";
		};
		7CBE3B5B19DCF74900C25A54 /* Factories */ = {
			isa = PBXGroup;
			children = (
				7CBE3B5619DCF26B00C25A54 /* BeaconFactory.h */,
				7CBE3B5719DCF26B00C25A54 /* BeaconFactory.m */,
			);
			name = Factories;
			sourceTree = "<group>";
		};
		7CEECE1619DA58B500302CBA /* Categories */ = {
			isa = PBXGroup;
			children = (
				7CEECE1819DA58E700302CBA /* UIColor+Extensions.h */,
				7CEECE1919DA58E700302CBA /* UIColor+Extensions.m */,
			);
			name = Categories;
			sourceTree = "<group>";
		};
		7CEECE1719DA58BF00302CBA /* Resources */ = {
			isa = PBXGroup;
			children = (
				7C91086C19D8F34300A7EC91 /* Images.xcassets */,
			);
			name = Resources;
			sourceTree = "<group>";
		};
		A0F4F98D610B079B31785C61 /* Pods */ = {
			isa = PBXGroup;
			children = (
				3716228DE05AAE0CDACD89DF /* Pods.debug.xcconfig */,
				3257966B43F5701B65430DE9 /* Pods.release.xcconfig */,
			);
			name = Pods;
			sourceTree = "<group>";
		};
/* End PBXGroup section */

/* Begin PBXNativeTarget section */
		7C91085819D8F34300A7EC91 /* remember-objc */ = {
			isa = PBXNativeTarget;
			buildConfigurationList = 7C91087F19D8F34300A7EC91 /* Build configuration list for PBXNativeTarget "remember-objc" */;
			buildPhases = (
				E0A24CDB9D14703DA41EDA7E /* Check Pods Manifest.lock */,
				7C91085519D8F34300A7EC91 /* Sources */,
				7C91085619D8F34300A7EC91 /* Frameworks */,
				7C9108BE19D8FCB000A7EC91 /* ShellScript */,
				7C91085719D8F34300A7EC91 /* Resources */,
				D1F1F5E319DC6084001D853F /* ShellScript */,
				CDEBBC447DBC75CB3CF86DD0 /* Copy Pods Resources */,
			);
			buildRules = (
			);
			dependencies = (
			);
			name = "remember-objc";
			productName = "remember-objc";
			productReference = 7C91085919D8F34300A7EC91 /* remember-objc.app */;
			productType = "com.apple.product-type.application";
		};
		7C91087419D8F34300A7EC91 /* remember-objcTests */ = {
			isa = PBXNativeTarget;
			buildConfigurationList = 7C91088219D8F34300A7EC91 /* Build configuration list for PBXNativeTarget "remember-objcTests" */;
			buildPhases = (
				7C91087119D8F34300A7EC91 /* Sources */,
				7C91087219D8F34300A7EC91 /* Frameworks */,
				7C91087319D8F34300A7EC91 /* Resources */,
			);
			buildRules = (
			);
			dependencies = (
				7C91087719D8F34300A7EC91 /* PBXTargetDependency */,
			);
			name = "remember-objcTests";
			productName = "remember-objcTests";
			productReference = 7C91087519D8F34300A7EC91 /* remember-objcTests.xctest */;
			productType = "com.apple.product-type.bundle.unit-test";
		};
/* End PBXNativeTarget section */

/* Begin PBXProject section */
		7C91085119D8F34300A7EC91 /* Project object */ = {
			isa = PBXProject;
			attributes = {
				LastUpgradeCheck = 0600;
				ORGANIZATIONNAME = Reque.st;
				TargetAttributes = {
					7C91085819D8F34300A7EC91 = {
						CreatedOnToolsVersion = 6.0.1;
						DevelopmentTeam = 49V87TT95M;
					};
					7C91087419D8F34300A7EC91 = {
						CreatedOnToolsVersion = 6.0.1;
						TestTargetID = 7C91085819D8F34300A7EC91;
					};
				};
			};
			buildConfigurationList = 7C91085419D8F34300A7EC91 /* Build configuration list for PBXProject "remember-objc" */;
			compatibilityVersion = "Xcode 3.2";
			developmentRegion = English;
			hasScannedForEncodings = 0;
			knownRegions = (
				en,
				Base,
			);
			mainGroup = 7C91085019D8F34300A7EC91;
			productRefGroup = 7C91085A19D8F34300A7EC91 /* Products */;
			projectDirPath = "";
			projectRoot = "";
			targets = (
				7C91085819D8F34300A7EC91 /* remember-objc */,
				7C91087419D8F34300A7EC91 /* remember-objcTests */,
			);
		};
/* End PBXProject section */

/* Begin PBXResourcesBuildPhase section */
		7C91085719D8F34300A7EC91 /* Resources */ = {
			isa = PBXResourcesBuildPhase;
			buildActionMask = 2147483647;
			files = (
				7C91086B19D8F34300A7EC91 /* Main.storyboard in Resources */,
				7C91087019D8F34300A7EC91 /* LaunchScreen.xib in Resources */,
				7C91086D19D8F34300A7EC91 /* Images.xcassets in Resources */,
			);
			runOnlyForDeploymentPostprocessing = 0;
		};
		7C91087319D8F34300A7EC91 /* Resources */ = {
			isa = PBXResourcesBuildPhase;
			buildActionMask = 2147483647;
			files = (
			);
			runOnlyForDeploymentPostprocessing = 0;
		};
/* End PBXResourcesBuildPhase section */

/* Begin PBXShellScriptBuildPhase section */
		7C9108BE19D8FCB000A7EC91 /* ShellScript */ = {
			isa = PBXShellScriptBuildPhase;
			buildActionMask = 2147483647;
			files = (
			);
			inputPaths = (
			);
			outputPaths = (
			);
			runOnlyForDeploymentPostprocessing = 0;
			shellPath = /bin/sh;
			shellScript = "buildNumber=$(/usr/libexec/PlistBuddy -c \"Print CFBundleVersion\" \"${PROJECT_DIR}/${INFOPLIST_FILE}\")\nbuildNumber=$(($buildNumber + 1))\n/usr/libexec/PlistBuddy -c \"Set :CFBundleVersion $buildNumber\" \"${PROJECT_DIR}/${INFOPLIST_FILE}\"";
		};
		CDEBBC447DBC75CB3CF86DD0 /* Copy Pods Resources */ = {
			isa = PBXShellScriptBuildPhase;
			buildActionMask = 2147483647;
			files = (
			);
			inputPaths = (
			);
			name = "Copy Pods Resources";
			outputPaths = (
			);
			runOnlyForDeploymentPostprocessing = 0;
			shellPath = /bin/sh;
			shellScript = "\"${SRCROOT}/Pods/Target Support Files/Pods/Pods-resources.sh\"\n";
			showEnvVarsInLog = 0;
		};
		D1F1F5E319DC6084001D853F /* ShellScript */ = {
			isa = PBXShellScriptBuildPhase;
			buildActionMask = 2147483647;
			files = (
			);
			inputPaths = (
			);
			outputPaths = (
			);
			runOnlyForDeploymentPostprocessing = 0;
			shellPath = /bin/sh;
			shellScript = "./Crashlytics.framework/run a73df0ceadf9f0995f97da85f3a3ca791c3e0de1 bf3ab1034c5cd75609e3800f03579bcde8e8b5508ad8217db336d49533c768c0";
		};
		E0A24CDB9D14703DA41EDA7E /* Check Pods Manifest.lock */ = {
			isa = PBXShellScriptBuildPhase;
			buildActionMask = 2147483647;
			files = (
			);
			inputPaths = (
			);
			name = "Check Pods Manifest.lock";
			outputPaths = (
			);
			runOnlyForDeploymentPostprocessing = 0;
			shellPath = /bin/sh;
			shellScript = "diff \"${PODS_ROOT}/../Podfile.lock\" \"${PODS_ROOT}/Manifest.lock\" > /dev/null\nif [[ $? != 0 ]] ; then\n    cat << EOM\nerror: The sandbox is not in sync with the Podfile.lock. Run 'pod install' or update your CocoaPods installation.\nEOM\n    exit 1\nfi\n";
			showEnvVarsInLog = 0;
		};
/* End PBXShellScriptBuildPhase section */

/* Begin PBXSourcesBuildPhase section */
		7C91085519D8F34300A7EC91 /* Sources */ = {
			isa = PBXSourcesBuildPhase;
			buildActionMask = 2147483647;
			files = (
				7C9108D419D9240D00A7EC91 /* DevicesTableViewCell.m in Sources */,
				7C91086219D8F34300A7EC91 /* AppDelegate.m in Sources */,
				7CBE3B6D19DD934800C25A54 /* Location+CLBeaconRegion.m in Sources */,
				7C9108EC19D95F1B00A7EC91 /* RadioButton.m in Sources */,
				7CECFB1D19DE4573001884E5 /* Location.m in Sources */,
				7C9108D119D90D0500A7EC91 /* AddDeviceViewController.m in Sources */,
				7C91086519D8F34300A7EC91 /* remember_objc.xcdatamodeld in Sources */,
				7C18C34F19E24F5000047916 /* AppDelegate+LocalNotification.m in Sources */,
				7CEECE2619DA96FA00302CBA /* UnreadSpotView.m in Sources */,
				7C9108DD19D92A0400A7EC91 /* MessagesTableViewCell.m in Sources */,
				7CECFB2019DE4574001884E5 /* Message.m in Sources */,
				7CBE3B6919DD7FAD00C25A54 /* Constant.m in Sources */,
				7CBE3B6319DD0AC000C25A54 /* LocationManager.m in Sources */,
				7CBE3B5519DCE89E00C25A54 /* HomeViewController.m in Sources */,
				7CEECE1A19DA58E700302CBA /* UIColor+Extensions.m in Sources */,
				7CBE3B5819DCF26B00C25A54 /* BeaconFactory.m in Sources */,
				7C91085F19D8F34300A7EC91 /* main.m in Sources */,
				7C9108E019D92D7100A7EC91 /* LocationsTableViewCell.m in Sources */,
				7C9108CE19D90CEE00A7EC91 /* DevicesTableViewController.m in Sources */,
				7C28E45E19DBF6B3002D1F69 /* HUD.m in Sources */,
			);
			runOnlyForDeploymentPostprocessing = 0;
		};
		7C91087119D8F34300A7EC91 /* Sources */ = {
			isa = PBXSourcesBuildPhase;
			buildActionMask = 2147483647;
			files = (
				7C91087C19D8F34300A7EC91 /* remember_objcTests.m in Sources */,
			);
			runOnlyForDeploymentPostprocessing = 0;
		};
/* End PBXSourcesBuildPhase section */

/* Begin PBXTargetDependency section */
		7C91087719D8F34300A7EC91 /* PBXTargetDependency */ = {
			isa = PBXTargetDependency;
			target = 7C91085819D8F34300A7EC91 /* remember-objc */;
			targetProxy = 7C91087619D8F34300A7EC91 /* PBXContainerItemProxy */;
		};
/* End PBXTargetDependency section */

/* Begin PBXVariantGroup section */
		7C91086919D8F34300A7EC91 /* Main.storyboard */ = {
			isa = PBXVariantGroup;
			children = (
				7C91086A19D8F34300A7EC91 /* Base */,
			);
			name = Main.storyboard;
			sourceTree = "<group>";
		};
		7C91086E19D8F34300A7EC91 /* LaunchScreen.xib */ = {
			isa = PBXVariantGroup;
			children = (
				7C91086F19D8F34300A7EC91 /* Base */,
			);
			name = LaunchScreen.xib;
			sourceTree = "<group>";
		};
/* End PBXVariantGroup section */

/* Begin XCBuildConfiguration section */
		7C91087D19D8F34300A7EC91 /* Debug */ = {
			isa = XCBuildConfiguration;
			buildSettings = {
				ALWAYS_SEARCH_USER_PATHS = NO;
				CLANG_CXX_LANGUAGE_STANDARD = "gnu++0x";
				CLANG_CXX_LIBRARY = "libc++";
				CLANG_ENABLE_MODULES = YES;
				CLANG_ENABLE_OBJC_ARC = YES;
				CLANG_WARN_BOOL_CONVERSION = YES;
				CLANG_WARN_CONSTANT_CONVERSION = YES;
				CLANG_WARN_DIRECT_OBJC_ISA_USAGE = YES_ERROR;
				CLANG_WARN_EMPTY_BODY = YES;
				CLANG_WARN_ENUM_CONVERSION = YES;
				CLANG_WARN_INT_CONVERSION = YES;
				CLANG_WARN_OBJC_ROOT_CLASS = YES_ERROR;
				CLANG_WARN_UNREACHABLE_CODE = YES;
				CLANG_WARN__DUPLICATE_METHOD_MATCH = YES;
				"CODE_SIGN_IDENTITY[sdk=iphoneos*]" = "iPhone Developer";
				COPY_PHASE_STRIP = NO;
				ENABLE_STRICT_OBJC_MSGSEND = YES;
				GCC_C_LANGUAGE_STANDARD = gnu99;
				GCC_DYNAMIC_NO_PIC = NO;
				GCC_OPTIMIZATION_LEVEL = 0;
				GCC_PREPROCESSOR_DEFINITIONS = (
					"DEBUG=1",
					"$(inherited)",
				);
				GCC_SYMBOLS_PRIVATE_EXTERN = NO;
				GCC_WARN_64_TO_32_BIT_CONVERSION = YES;
				GCC_WARN_ABOUT_RETURN_TYPE = YES_ERROR;
				GCC_WARN_UNDECLARED_SELECTOR = YES;
				GCC_WARN_UNINITIALIZED_AUTOS = YES_AGGRESSIVE;
				GCC_WARN_UNUSED_FUNCTION = YES;
				GCC_WARN_UNUSED_VARIABLE = YES;
				IPHONEOS_DEPLOYMENT_TARGET = 8.0;
				MTL_ENABLE_DEBUG_INFO = YES;
				ONLY_ACTIVE_ARCH = YES;
				SDKROOT = iphoneos;
				TARGETED_DEVICE_FAMILY = "1,2";
			};
			name = Debug;
		};
		7C91087E19D8F34300A7EC91 /* Release */ = {
			isa = XCBuildConfiguration;
			buildSettings = {
				ALWAYS_SEARCH_USER_PATHS = NO;
				CLANG_CXX_LANGUAGE_STANDARD = "gnu++0x";
				CLANG_CXX_LIBRARY = "libc++";
				CLANG_ENABLE_MODULES = YES;
				CLANG_ENABLE_OBJC_ARC = YES;
				CLANG_WARN_BOOL_CONVERSION = YES;
				CLANG_WARN_CONSTANT_CONVERSION = YES;
				CLANG_WARN_DIRECT_OBJC_ISA_USAGE = YES_ERROR;
				CLANG_WARN_EMPTY_BODY = YES;
				CLANG_WARN_ENUM_CONVERSION = YES;
				CLANG_WARN_INT_CONVERSION = YES;
				CLANG_WARN_OBJC_ROOT_CLASS = YES_ERROR;
				CLANG_WARN_UNREACHABLE_CODE = YES;
				CLANG_WARN__DUPLICATE_METHOD_MATCH = YES;
				"CODE_SIGN_IDENTITY[sdk=iphoneos*]" = "iPhone Developer";
				COPY_PHASE_STRIP = YES;
				ENABLE_NS_ASSERTIONS = NO;
				ENABLE_STRICT_OBJC_MSGSEND = YES;
				GCC_C_LANGUAGE_STANDARD = gnu99;
				GCC_WARN_64_TO_32_BIT_CONVERSION = YES;
				GCC_WARN_ABOUT_RETURN_TYPE = YES_ERROR;
				GCC_WARN_UNDECLARED_SELECTOR = YES;
				GCC_WARN_UNINITIALIZED_AUTOS = YES_AGGRESSIVE;
				GCC_WARN_UNUSED_FUNCTION = YES;
				GCC_WARN_UNUSED_VARIABLE = YES;
				IPHONEOS_DEPLOYMENT_TARGET = 8.0;
				MTL_ENABLE_DEBUG_INFO = NO;
				SDKROOT = iphoneos;
				TARGETED_DEVICE_FAMILY = "1,2";
				VALIDATE_PRODUCT = YES;
			};
			name = Release;
		};
		7C91088019D8F34300A7EC91 /* Debug */ = {
			isa = XCBuildConfiguration;
			baseConfigurationReference = 3716228DE05AAE0CDACD89DF /* Pods.debug.xcconfig */;
			buildSettings = {
				ASSETCATALOG_COMPILER_APPICON_NAME = AppIcon;
				ASSETCATALOG_COMPILER_LAUNCHIMAGE_NAME = LaunchImage;
				CODE_SIGN_IDENTITY = "iPhone Developer";
				"CODE_SIGN_IDENTITY[sdk=iphoneos*]" = "iPhone Developer";
				FRAMEWORK_SEARCH_PATHS = (
					"$(inherited)",
					"$(PROJECT_DIR)/remember-objc",
				);
				GCC_PREFIX_HEADER = "remember-objc/prefix.pch";
				INFOPLIST_FILE = "remember-objc/Info.plist";
				IPHONEOS_DEPLOYMENT_TARGET = 7.1;
				LD_RUNPATH_SEARCH_PATHS = "$(inherited) @executable_path/Frameworks";
				PRODUCT_NAME = "$(TARGET_NAME)";
				PROVISIONING_PROFILE = "";
			};
			name = Debug;
		};
		7C91088119D8F34300A7EC91 /* Release */ = {
			isa = XCBuildConfiguration;
			baseConfigurationReference = 3257966B43F5701B65430DE9 /* Pods.release.xcconfig */;
			buildSettings = {
				ASSETCATALOG_COMPILER_APPICON_NAME = AppIcon;
				ASSETCATALOG_COMPILER_LAUNCHIMAGE_NAME = LaunchImage;
				CODE_SIGN_IDENTITY = "iPhone Developer";
				"CODE_SIGN_IDENTITY[sdk=iphoneos*]" = "iPhone Developer";
				FRAMEWORK_SEARCH_PATHS = (
					"$(inherited)",
					"$(PROJECT_DIR)/remember-objc",
				);
				GCC_PREFIX_HEADER = "remember-objc/prefix.pch";
				INFOPLIST_FILE = "remember-objc/Info.plist";
				IPHONEOS_DEPLOYMENT_TARGET = 7.1;
				LD_RUNPATH_SEARCH_PATHS = "$(inherited) @executable_path/Frameworks";
				PRODUCT_NAME = "$(TARGET_NAME)";
				PROVISIONING_PROFILE = "";
			};
			name = Release;
		};
		7C91088319D8F34300A7EC91 /* Debug */ = {
			isa = XCBuildConfiguration;
			buildSettings = {
				BUNDLE_LOADER = "$(TEST_HOST)";
				FRAMEWORK_SEARCH_PATHS = (
					"$(SDKROOT)/Developer/Library/Frameworks",
					"$(inherited)",
				);
				GCC_PREPROCESSOR_DEFINITIONS = (
					"DEBUG=1",
					"$(inherited)",
				);
				INFOPLIST_FILE = "remember-objcTests/Info.plist";
				LD_RUNPATH_SEARCH_PATHS = "$(inherited) @executable_path/Frameworks @loader_path/Frameworks";
				PRODUCT_NAME = "$(TARGET_NAME)";
				TEST_HOST = "$(BUILT_PRODUCTS_DIR)/remember-objc.app/remember-objc";
			};
			name = Debug;
		};
		7C91088419D8F34300A7EC91 /* Release */ = {
			isa = XCBuildConfiguration;
			buildSettings = {
				BUNDLE_LOADER = "$(TEST_HOST)";
				FRAMEWORK_SEARCH_PATHS = (
					"$(SDKROOT)/Developer/Library/Frameworks",
					"$(inherited)",
				);
				INFOPLIST_FILE = "remember-objcTests/Info.plist";
				LD_RUNPATH_SEARCH_PATHS = "$(inherited) @executable_path/Frameworks @loader_path/Frameworks";
				PRODUCT_NAME = "$(TARGET_NAME)";
				TEST_HOST = "$(BUILT_PRODUCTS_DIR)/remember-objc.app/remember-objc";
			};
			name = Release;
		};
/* End XCBuildConfiguration section */

/* Begin XCConfigurationList section */
		7C91085419D8F34300A7EC91 /* Build configuration list for PBXProject "remember-objc" */ = {
			isa = XCConfigurationList;
			buildConfigurations = (
				7C91087D19D8F34300A7EC91 /* Debug */,
				7C91087E19D8F34300A7EC91 /* Release */,
			);
			defaultConfigurationIsVisible = 0;
			defaultConfigurationName = Release;
		};
		7C91087F19D8F34300A7EC91 /* Build configuration list for PBXNativeTarget "remember-objc" */ = {
			isa = XCConfigurationList;
			buildConfigurations = (
				7C91088019D8F34300A7EC91 /* Debug */,
				7C91088119D8F34300A7EC91 /* Release */,
			);
			defaultConfigurationIsVisible = 0;
			defaultConfigurationName = Release;
		};
		7C91088219D8F34300A7EC91 /* Build configuration list for PBXNativeTarget "remember-objcTests" */ = {
			isa = XCConfigurationList;
			buildConfigurations = (
				7C91088319D8F34300A7EC91 /* Debug */,
				7C91088419D8F34300A7EC91 /* Release */,
			);
			defaultConfigurationIsVisible = 0;
			defaultConfigurationName = Release;
		};
/* End XCConfigurationList section */

/* Begin XCVersionGroup section */
		7C91086319D8F34300A7EC91 /* remember_objc.xcdatamodeld */ = {
			isa = XCVersionGroup;
			children = (
				7C91086419D8F34300A7EC91 /* remember_objc.xcdatamodel */,
			);
			currentVersion = 7C91086419D8F34300A7EC91 /* remember_objc.xcdatamodel */;
			path = remember_objc.xcdatamodeld;
			sourceTree = "<group>";
			versionGroupType = wrapper.xcdatamodel;
		};
/* End XCVersionGroup section */
	};
	rootObject = 7C91085119D8F34300A7EC91 /* Project object */;
}
